
Microsoft Visual Studio Solution File, Format Version 12.00
# Visual Studio Version 17
VisualStudioVersion = 17.7.34018.315
MinimumVisualStudioVersion = 10.0.40219.1
Project("{2150E333-8FDC-42A3-9474-1A3956D46DE8}") = "BugFixer.Application", "BugFixer.Application", "{223A6473-F7D1-4CF0-AD67-14EE1F26FE78}"
EndProject
Project("{2150E333-8FDC-42A3-9474-1A3956D46DE8}") = "BugFixer.Data", "BugFixer.Data", "{02B8620F-7B57-439A-9BEA-D4BC7EDB7EB9}"
EndProject
Project("{2150E333-8FDC-42A3-9474-1A3956D46DE8}") = "BugFixer.Domain", "BugFixer.Domain", "{8C57CB93-F0AF-4A29-9034-8B5D8B4ABEC8}"
EndProject
Project("{2150E333-8FDC-42A3-9474-1A3956D46DE8}") = "BugFixer.Web", "BugFixer.Web", "{58A5336F-52FD-4E27-918A-E5F86CD8BE3E}"
EndProject
Project("{2150E333-8FDC-42A3-9474-1A3956D46DE8}") = "BugFixer.IOC", "BugFixer.IOC", "{7363DC14-4BAA-422E-A6EE-48AAC24B275A}"
EndProject
Project("{FAE04EC0-301F-11D3-BF4B-00C04F79EFBC}") = "BugFixer.Application", "BugFixer.Application\BugFixer.Application.csproj", "{DD8CF739-A6D8-40C0-A22D-8809A386C6A8}"
EndProject
Project("{FAE04EC0-301F-11D3-BF4B-00C04F79EFBC}") = "BugFixer.Data", "BugFixer.Data\BugFixer.Data.csproj", "{49E05247-7677-4CF5-9FA2-F8AC8A14C19E}"
EndProject
Project("{FAE04EC0-301F-11D3-BF4B-00C04F79EFBC}") = "BugFixer.Domain", "BugFixer.Domain\BugFixer.Domain.csproj", "{7B071CC4-0EB7-48B5-B941-F5471CA18888}"
EndProject
Project("{FAE04EC0-301F-11D3-BF4B-00C04F79EFBC}") = "BugFixer.IOC", "BugFixer.IOC\BugFixer.IOC.csproj", "{53190379-41D7-4BEF-9C52-0D7C5C9DE14D}"
EndProject
Project("{FAE04EC0-301F-11D3-BF4B-00C04F79EFBC}") = "BugFixer.Web", "BugFixer.Web\BugFixer.Web.csproj", "{49577F62-95FD-42D5-A485-6B0FDCC00184}"
EndProject
Global
	GlobalSection(SolutionConfigurationPlatforms) = preSolution
		Debug|Any CPU = Debug|Any CPU
		Release|Any CPU = Release|Any CPU
	EndGlobalSection
	GlobalSection(ProjectConfigurationPlatforms) = postSolution
		{DD8CF739-A6D8-40C0-A22D-8809A386C6A8}.Debug|Any CPU.ActiveCfg = Debug|Any CPU
		{DD8CF739-A6D8-40C0-A22D-8809A386C6A8}.Debug|Any CPU.Build.0 = Debug|Any CPU
		{DD8CF739-A6D8-40C0-A22D-8809A386C6A8}.Release|Any CPU.ActiveCfg = Release|Any CPU
		{DD8CF739-A6D8-40C0-A22D-8809A386C6A8}.Release|Any CPU.Build.0 = Release|Any CPU
		{49E05247-7677-4CF5-9FA2-F8AC8A14C19E}.Debug|Any CPU.ActiveCfg = Debug|Any CPU
		{49E05247-7677-4CF5-9FA2-F8AC8A14C19E}.Debug|Any CPU.Build.0 = Debug|Any CPU
		{49E05247-7677-4CF5-9FA2-F8AC8A14C19E}.Release|Any CPU.ActiveCfg = Release|Any CPU
		{49E05247-7677-4CF5-9FA2-F8AC8A14C19E}.Release|Any CPU.Build.0 = Release|Any CPU
		{7B071CC4-0EB7-48B5-B941-F5471CA18888}.Debug|Any CPU.ActiveCfg = Debug|Any CPU
		{7B071CC4-0EB7-48B5-B941-F5471CA18888}.Debug|Any CPU.Build.0 = Debug|Any CPU
		{7B071CC4-0EB7-48B5-B941-F5471CA18888}.Release|Any CPU.ActiveCfg = Release|Any CPU
		{7B071CC4-0EB7-48B5-B941-F5471CA18888}.Release|Any CPU.Build.0 = Release|Any CPU
		{53190379-41D7-4BEF-9C52-0D7C5C9DE14D}.Debug|Any CPU.ActiveCfg = Debug|Any CPU
		{53190379-41D7-4BEF-9C52-0D7C5C9DE14D}.Debug|Any CPU.Build.0 = Debug|Any CPU
		{53190379-41D7-4BEF-9C52-0D7C5C9DE14D}.Release|Any CPU.ActiveCfg = Release|Any CPU
		{53190379-41D7-4BEF-9C52-0D7C5C9DE14D}.Release|Any CPU.Build.0 = Release|Any CPU
		{49577F62-95FD-42D5-A485-6B0FDCC00184}.Debug|Any CPU.ActiveCfg = Debug|Any CPU
		{49577F62-95FD-42D5-A485-6B0FDCC00184}.Debug|Any CPU.Build.0 = Debug|Any CPU
		{49577F62-95FD-42D5-A485-6B0FDCC00184}.Release|Any CPU.ActiveCfg = Release|Any CPU
		{49577F62-95FD-42D5-A485-6B0FDCC00184}.Release|Any CPU.Build.0 = Release|Any CPU
	EndGlobalSection
	GlobalSection(SolutionProperties) = preSolution
		HideSolutionNode = FALSE
	EndGlobalSection
	GlobalSection(NestedProjects) = preSolution
		{DD8CF739-A6D8-40C0-A22D-8809A386C6A8} = {223A6473-F7D1-4CF0-AD67-14EE1F26FE78}
		{49E05247-7677-4CF5-9FA2-F8AC8A14C19E} = {02B8620F-7B57-439A-9BEA-D4BC7EDB7EB9}
		{7B071CC4-0EB7-48B5-B941-F5471CA18888} = {8C57CB93-F0AF-4A29-9034-8B5D8B4ABEC8}
		{53190379-41D7-4BEF-9C52-0D7C5C9DE14D} = {7363DC14-4BAA-422E-A6EE-48AAC24B275A}
		{49577F62-95FD-42D5-A485-6B0FDCC00184} = {58A5336F-52FD-4E27-918A-E5F86CD8BE3E}
	EndGlobalSection
	GlobalSection(ExtensibilityGlobals) = postSolution
		SolutionGuid = {A608FF11-F129-45D7-9841-AA7B6B3ECA2D}
	EndGlobalSection
EndGlobal
